
Microsoft Visual Studio Solution File, Format Version 12.00
# Visual Studio Version 17
VisualStudioVersion = 17.2.32616.157
MinimumVisualStudioVersion = 10.0.40219.1
Project("{9A19103F-16F7-4668-BE54-9A1E7A4F7556}") = "RyosMKFXPanel", "RyosMKFXPanel\RyosMKFXPanel.csproj", "{D58F31E4-51C0-48DB-A047-7674A4C0DE30}"
EndProject
Global
	GlobalSection(SolutionConfigurationPlatforms) = preSolution
		Debug|Any CPU = Debug|Any CPU
		Debug|x64 = Debug|x64
		Release|Any CPU = Release|Any CPU
		Release|x64 = Release|x64
	EndGlobalSection
	GlobalSection(ProjectConfigurationPlatforms) = postSolution
		{D58F31E4-51C0-48DB-A047-7674A4C0DE30}.Debug|Any CPU.ActiveCfg = Debug|Any CPU
		{D58F31E4-51C0-48DB-A047-7674A4C0DE30}.Debug|Any CPU.Build.0 = Debug|Any CPU
		{D58F31E4-51C0-48DB-A047-7674A4C0DE30}.Debug|x64.ActiveCfg = Debug|x64
		{D58F31E4-51C0-48DB-A047-7674A4C0DE30}.Debug|x64.Build.0 = Debug|x64
		{D58F31E4-51C0-48DB-A047-7674A4C0DE30}.Release|Any CPU.ActiveCfg = Release|Any CPU
		{D58F31E4-51C0-48DB-A047-7674A4C0DE30}.Release|Any CPU.Build.0 = Release|Any CPU
		{D58F31E4-51C0-48DB-A047-7674A4C0DE30}.Release|x64.ActiveCfg = Release|x64
		{D58F31E4-51C0-48DB-A047-7674A4C0DE30}.Release|x64.Build.0 = Release|x64
	EndGlobalSection
	GlobalSection(SolutionProperties) = preSolution
		HideSolutionNode = FALSE
	EndGlobalSection
	GlobalSection(ExtensibilityGlobals) = postSolution
		SolutionGuid = {3B7C9B4E-CA04-482C-92F1-FF93C2EA0B10}
	EndGlobalSection
EndGlobal
